
Microsoft Visual Studio Solution File, Format Version 12.00
# Visual Studio Version 16
VisualStudioVersion = 16.0.31911.196
MinimumVisualStudioVersion = 10.0.40219.1
Project("{FAE04EC0-301F-11D3-BF4B-00C04F79EFBC}") = "Calc", "Calc\Calc.csproj", "{2B86E7AC-1966-43F0-ACDC-571486DD2709}"
EndProject
Global
	GlobalSection(SolutionConfigurationPlatforms) = preSolution
		Debug|Any CPU = Debug|Any CPU
		Release|Any CPU = Release|Any CPU
	EndGlobalSection
	GlobalSection(ProjectConfigurationPlatforms) = postSolution
		{2B86E7AC-1966-43F0-ACDC-571486DD2709}.Debug|Any CPU.ActiveCfg = Debug|Any CPU
		{2B86E7AC-1966-43F0-ACDC-571486DD2709}.Debug|Any CPU.Build.0 = Debug|Any CPU
		{2B86E7AC-1966-43F0-ACDC-571486DD2709}.Release|Any CPU.ActiveCfg = Release|Any CPU
		{2B86E7AC-1966-43F0-ACDC-571486DD2709}.Release|Any CPU.Build.0 = Release|Any CPU
	EndGlobalSection
	GlobalSection(SolutionProperties) = preSolution
		HideSolutionNode = FALSE
	EndGlobalSection
	GlobalSection(ExtensibilityGlobals) = postSolution
		SolutionGuid = {FAD35BA1-345C-4311-98F2-C2EB51422897}
	EndGlobalSection
EndGlobal
